
Microsoft Visual Studio Solution File, Format Version 12.00
# Visual Studio 15
VisualStudioVersion = 15.0.26430.6
MinimumVisualStudioVersion = 10.0.40219.1
Project("{FAE04EC0-301F-11D3-BF4B-00C04F79EFBC}") = "WpfDI", "WpfDI\WpfDI.csproj", "{0E19737F-DA4B-4506-B329-3B2E9B67DE4A}"
EndProject
Project("{FAE04EC0-301F-11D3-BF4B-00C04F79EFBC}") = "WpfDI.ViewModel.Interface", "WpfDI.ViewModel.Interface\WpfDI.ViewModel.Interface.csproj", "{68779E84-8FFD-4AB2-A821-EFBAC0F65663}"
EndProject
Project("{FAE04EC0-301F-11D3-BF4B-00C04F79EFBC}") = "WpfDI.Model.Interface", "WpfDI.Model.Interface\WpfDI.Model.Interface.csproj", "{D79A6463-BC0B-43A1-B307-173126020BE9}"
EndProject
Project("{FAE04EC0-301F-11D3-BF4B-00C04F79EFBC}") = "WpfDI.Model", "WpfDI.Model\WpfDI.Model.csproj", "{A7FF1BF8-C0C3-455D-815B-B02A04D69CBE}"
EndProject
Project("{FAE04EC0-301F-11D3-BF4B-00C04F79EFBC}") = "WpfDI.ViewModel", "WpfDI.ViewModel\WpfDI.ViewModel.csproj", "{9257776B-7410-49DF-BB05-06C0119C8317}"
EndProject
Project("{FAE04EC0-301F-11D3-BF4B-00C04F79EFBC}") = "WpfDI.View", "WpfDI.View\WpfDI.View.csproj", "{E2A1ECF7-CF12-44A0-B9AE-C3FFE3515242}"
EndProject
Global
	GlobalSection(SolutionConfigurationPlatforms) = preSolution
		Debug|Any CPU = Debug|Any CPU
		Debug|x86 = Debug|x86
		Release|Any CPU = Release|Any CPU
		Release|x86 = Release|x86
	EndGlobalSection
	GlobalSection(ProjectConfigurationPlatforms) = postSolution
		{0E19737F-DA4B-4506-B329-3B2E9B67DE4A}.Debug|Any CPU.ActiveCfg = Debug|Any CPU
		{0E19737F-DA4B-4506-B329-3B2E9B67DE4A}.Debug|Any CPU.Build.0 = Debug|Any CPU
		{0E19737F-DA4B-4506-B329-3B2E9B67DE4A}.Debug|x86.ActiveCfg = Debug|x86
		{0E19737F-DA4B-4506-B329-3B2E9B67DE4A}.Debug|x86.Build.0 = Debug|x86
		{0E19737F-DA4B-4506-B329-3B2E9B67DE4A}.Release|Any CPU.ActiveCfg = Release|Any CPU
		{0E19737F-DA4B-4506-B329-3B2E9B67DE4A}.Release|Any CPU.Build.0 = Release|Any CPU
		{0E19737F-DA4B-4506-B329-3B2E9B67DE4A}.Release|x86.ActiveCfg = Release|Any CPU
		{0E19737F-DA4B-4506-B329-3B2E9B67DE4A}.Release|x86.Build.0 = Release|Any CPU
		{68779E84-8FFD-4AB2-A821-EFBAC0F65663}.Debug|Any CPU.ActiveCfg = Debug|Any CPU
		{68779E84-8FFD-4AB2-A821-EFBAC0F65663}.Debug|Any CPU.Build.0 = Debug|Any CPU
		{68779E84-8FFD-4AB2-A821-EFBAC0F65663}.Debug|x86.ActiveCfg = Debug|x86
		{68779E84-8FFD-4AB2-A821-EFBAC0F65663}.Debug|x86.Build.0 = Debug|x86
		{68779E84-8FFD-4AB2-A821-EFBAC0F65663}.Release|Any CPU.ActiveCfg = Release|Any CPU
		{68779E84-8FFD-4AB2-A821-EFBAC0F65663}.Release|Any CPU.Build.0 = Release|Any CPU
		{68779E84-8FFD-4AB2-A821-EFBAC0F65663}.Release|x86.ActiveCfg = Release|Any CPU
		{68779E84-8FFD-4AB2-A821-EFBAC0F65663}.Release|x86.Build.0 = Release|Any CPU
		{D79A6463-BC0B-43A1-B307-173126020BE9}.Debug|Any CPU.ActiveCfg = Debug|Any CPU
		{D79A6463-BC0B-43A1-B307-173126020BE9}.Debug|Any CPU.Build.0 = Debug|Any CPU
		{D79A6463-BC0B-43A1-B307-173126020BE9}.Debug|x86.ActiveCfg = Debug|x86
		{D79A6463-BC0B-43A1-B307-173126020BE9}.Debug|x86.Build.0 = Debug|x86
		{D79A6463-BC0B-43A1-B307-173126020BE9}.Release|Any CPU.ActiveCfg = Release|Any CPU
		{D79A6463-BC0B-43A1-B307-173126020BE9}.Release|Any CPU.Build.0 = Release|Any CPU
		{D79A6463-BC0B-43A1-B307-173126020BE9}.Release|x86.ActiveCfg = Release|Any CPU
		{D79A6463-BC0B-43A1-B307-173126020BE9}.Release|x86.Build.0 = Release|Any CPU
		{A7FF1BF8-C0C3-455D-815B-B02A04D69CBE}.Debug|Any CPU.ActiveCfg = Debug|Any CPU
		{A7FF1BF8-C0C3-455D-815B-B02A04D69CBE}.Debug|Any CPU.Build.0 = Debug|Any CPU
		{A7FF1BF8-C0C3-455D-815B-B02A04D69CBE}.Debug|x86.ActiveCfg = Debug|x86
		{A7FF1BF8-C0C3-455D-815B-B02A04D69CBE}.Debug|x86.Build.0 = Debug|x86
		{A7FF1BF8-C0C3-455D-815B-B02A04D69CBE}.Release|Any CPU.ActiveCfg = Release|Any CPU
		{A7FF1BF8-C0C3-455D-815B-B02A04D69CBE}.Release|Any CPU.Build.0 = Release|Any CPU
		{A7FF1BF8-C0C3-455D-815B-B02A04D69CBE}.Release|x86.ActiveCfg = Release|Any CPU
		{A7FF1BF8-C0C3-455D-815B-B02A04D69CBE}.Release|x86.Build.0 = Release|Any CPU
		{9257776B-7410-49DF-BB05-06C0119C8317}.Debug|Any CPU.ActiveCfg = Debug|Any CPU
		{9257776B-7410-49DF-BB05-06C0119C8317}.Debug|Any CPU.Build.0 = Debug|Any CPU
		{9257776B-7410-49DF-BB05-06C0119C8317}.Debug|x86.ActiveCfg = Debug|x86
		{9257776B-7410-49DF-BB05-06C0119C8317}.Debug|x86.Build.0 = Debug|x86
		{9257776B-7410-49DF-BB05-06C0119C8317}.Release|Any CPU.ActiveCfg = Release|Any CPU
		{9257776B-7410-49DF-BB05-06C0119C8317}.Release|Any CPU.Build.0 = Release|Any CPU
		{9257776B-7410-49DF-BB05-06C0119C8317}.Release|x86.ActiveCfg = Release|Any CPU
		{9257776B-7410-49DF-BB05-06C0119C8317}.Release|x86.Build.0 = Release|Any CPU
		{E2A1ECF7-CF12-44A0-B9AE-C3FFE3515242}.Debug|Any CPU.ActiveCfg = Debug|x86
		{E2A1ECF7-CF12-44A0-B9AE-C3FFE3515242}.Debug|Any CPU.Build.0 = Debug|x86
		{E2A1ECF7-CF12-44A0-B9AE-C3FFE3515242}.Debug|x86.ActiveCfg = Debug|x86
		{E2A1ECF7-CF12-44A0-B9AE-C3FFE3515242}.Debug|x86.Build.0 = Debug|x86
		{E2A1ECF7-CF12-44A0-B9AE-C3FFE3515242}.Release|Any CPU.ActiveCfg = Release|x86
		{E2A1ECF7-CF12-44A0-B9AE-C3FFE3515242}.Release|x86.ActiveCfg = Release|x86
		{E2A1ECF7-CF12-44A0-B9AE-C3FFE3515242}.Release|x86.Build.0 = Release|x86
	EndGlobalSection
	GlobalSection(SolutionProperties) = preSolution
		HideSolutionNode = FALSE
	EndGlobalSection
EndGlobal
